
Microsoft Visual Studio Solution File, Format Version 12.00
# Visual Studio 15
VisualStudioVersion = 15.0.28307.421
MinimumVisualStudioVersion = 10.0.40219.1
Project("{FAE04EC0-301F-11D3-BF4B-00C04F79EFBC}") = "Tourist_Agency", "Tourist_Agency\Tourist_Agency.csproj", "{16AB8145-BBB2-4FAF-88D8-90D666013ACE}"
EndProject
Global
	GlobalSection(SolutionConfigurationPlatforms) = preSolution
		Debug|Any CPU = Debug|Any CPU
		Release|Any CPU = Release|Any CPU
	EndGlobalSection
	GlobalSection(ProjectConfigurationPlatforms) = postSolution
		{16AB8145-BBB2-4FAF-88D8-90D666013ACE}.Debug|Any CPU.ActiveCfg = Debug|Any CPU
		{16AB8145-BBB2-4FAF-88D8-90D666013ACE}.Debug|Any CPU.Build.0 = Debug|Any CPU
		{16AB8145-BBB2-4FAF-88D8-90D666013ACE}.Release|Any CPU.ActiveCfg = Release|Any CPU
		{16AB8145-BBB2-4FAF-88D8-90D666013ACE}.Release|Any CPU.Build.0 = Release|Any CPU
	EndGlobalSection
	GlobalSection(SolutionProperties) = preSolution
		HideSolutionNode = FALSE
	EndGlobalSection
	GlobalSection(ExtensibilityGlobals) = postSolution
		SolutionGuid = {76E43124-2BEC-49A5-917F-636126442FA8}
	EndGlobalSection
EndGlobal
